
Microsoft Visual Studio Solution File, Format Version 12.00
# Visual Studio Version 17
VisualStudioVersion = 17.14.36203.30 d17.14
MinimumVisualStudioVersion = 10.0.40219.1
Project("{FAE04EC0-301F-11D3-BF4B-00C04F79EFBC}") = "words-kai", "words-kai\words-kai.csproj", "{EC1CD3EA-35FA-47B2-B3D8-F700945DF4A2}"
EndProject
Global
	GlobalSection(SolutionConfigurationPlatforms) = preSolution
		Debug|Any CPU = Debug|Any CPU
		Release|Any CPU = Release|Any CPU
	EndGlobalSection
	GlobalSection(ProjectConfigurationPlatforms) = postSolution
		{EC1CD3EA-35FA-47B2-B3D8-F700945DF4A2}.Debug|Any CPU.ActiveCfg = Debug|Any CPU
		{EC1CD3EA-35FA-47B2-B3D8-F700945DF4A2}.Debug|Any CPU.Build.0 = Debug|Any CPU
		{EC1CD3EA-35FA-47B2-B3D8-F700945DF4A2}.Release|Any CPU.ActiveCfg = Release|Any CPU
		{EC1CD3EA-35FA-47B2-B3D8-F700945DF4A2}.Release|Any CPU.Build.0 = Release|Any CPU
	EndGlobalSection
	GlobalSection(SolutionProperties) = preSolution
		HideSolutionNode = FALSE
	EndGlobalSection
	GlobalSection(ExtensibilityGlobals) = postSolution
		SolutionGuid = {87F7B00E-0A92-48BC-B606-D1FF5AE28E64}
	EndGlobalSection
EndGlobal
